
Microsoft Visual Studio Solution File, Format Version 12.00
# Visual Studio Version 17
VisualStudioVersion = 17.0.31903.59
MinimumVisualStudioVersion = 10.0.40219.1
Project("{2150E333-8FDC-42A3-9474-1A3956D46DE8}") = "src", "src", "{6DDCF459-07CC-406C-830E-38E7BE4A47D3}"
EndProject
Project("{2150E333-8FDC-42A3-9474-1A3956D46DE8}") = "tests", "tests", "{BB6D64AA-A086-4962-8D5F-F3EDD03941D2}"
EndProject
Project("{2150E333-8FDC-42A3-9474-1A3956D46DE8}") = "Host", "Host", "{B3BD4C54-4BB2-4394-A396-E89BBA8EC46B}"
EndProject
Project("{2150E333-8FDC-42A3-9474-1A3956D46DE8}") = "Shared", "Shared", "{0BFBF9F5-D5DF-4D70-AFF0-5DE59CF34163}"
EndProject
Project("{2150E333-8FDC-42A3-9474-1A3956D46DE8}") = "Modules", "Modules", "{73748E69-0EDC-4B62-A0DB-41E81128383C}"
EndProject
Project("{2150E333-8FDC-42A3-9474-1A3956D46DE8}") = "HRP.Host", "HRP.Host", "{7E9FEFDE-B4C1-44EF-9A7D-2E1E3C77EF9F}"
EndProject
Project("{FAE04EC0-301F-11D3-BF4B-00C04F79EFBC}") = "HRP.Host", "src\Host\HRP.Host\HRP.Host.csproj", "{B66CAE08-5286-4BAD-AA91-DF7AE6F7EFD6}"
EndProject
Project("{2150E333-8FDC-42A3-9474-1A3956D46DE8}") = "HumanResources", "HumanResources", "{61864D8A-2BF0-4EDA-8F32-26565AE65D46}"
EndProject
Project("{2150E333-8FDC-42A3-9474-1A3956D46DE8}") = "API", "API", "{5758D5D4-5A89-4C78-87AD-F5C3C45BA2E7}"
EndProject
Project("{FAE04EC0-301F-11D3-BF4B-00C04F79EFBC}") = "HRP.Module.HumanResources.API", "src\Modules\HumanResources\API\HRP.Module.HumanResources.API.csproj", "{3C9F8FDE-1DBB-4141-A06F-1B0DF34DD1F0}"
EndProject
Project("{2150E333-8FDC-42A3-9474-1A3956D46DE8}") = "Infrastructure", "Infrastructure", "{622C4E48-E643-4BA0-8364-0D955D895F29}"
EndProject
Project("{FAE04EC0-301F-11D3-BF4B-00C04F79EFBC}") = "HRP.Module.HumanResources.Infrastructure", "src\Modules\HumanResources\Infrastructure\HRP.Module.HumanResources.Infrastructure.csproj", "{30D3D4EC-2F33-41D5-8D2E-B7D81910391A}"
EndProject
Project("{FAE04EC0-301F-11D3-BF4B-00C04F79EFBC}") = "HRP.Shared", "src\Shared\HRP.Shared.csproj", "{11822A82-3415-48E6-9690-C13A21EE5FFD}"
EndProject
Project("{2150E333-8FDC-42A3-9474-1A3956D46DE8}") = "Payroll", "Payroll", "{F0DBF539-2AD9-4682-9141-51512B5D18DC}"
EndProject
Project("{2150E333-8FDC-42A3-9474-1A3956D46DE8}") = "Infrastructure", "Infrastructure", "{462A17FD-1228-4100-BC5B-890B88FE5DE8}"
EndProject
Project("{FAE04EC0-301F-11D3-BF4B-00C04F79EFBC}") = "HRP.Module.Payroll.Infrastructure", "src\Modules\Payroll\Infrastructure\HRP.Module.Payroll.Infrastructure.csproj", "{36E3D381-4F1E-4789-8439-3F4303E64E1A}"
EndProject
Project("{2150E333-8FDC-42A3-9474-1A3956D46DE8}") = "API", "API", "{132A1DAB-F9CE-4DF1-B1CC-1D7CB7202925}"
EndProject
Project("{FAE04EC0-301F-11D3-BF4B-00C04F79EFBC}") = "HRP.Module.Payroll.API", "src\Modules\Payroll\API\HRP.Module.Payroll.API.csproj", "{9A494DD1-6146-4A5B-8409-1AAFF79EF1A8}"
EndProject
Project("{2150E333-8FDC-42A3-9474-1A3956D46DE8}") = "Application", "Application", "{F1295F60-34E4-4FC9-B64C-D246F9A8D39C}"
EndProject
Project("{FAE04EC0-301F-11D3-BF4B-00C04F79EFBC}") = "HRP.Module.Payroll.Application", "src\Modules\Payroll\Application\HRP.Module.Payroll.Application.csproj", "{C505F271-85B0-41C6-918E-27F40813B32B}"
EndProject
Project("{2150E333-8FDC-42A3-9474-1A3956D46DE8}") = "Domain", "Domain", "{14CD1A23-96B8-45B1-B968-5A7629E6EF9B}"
EndProject
Project("{FAE04EC0-301F-11D3-BF4B-00C04F79EFBC}") = "HRP.Module.Payroll.Domain", "src\Modules\Payroll\Domain\HRP.Module.Payroll.Domain.csproj", "{8571BFEE-D076-4209-B340-055133CA6091}"
EndProject
Project("{2150E333-8FDC-42A3-9474-1A3956D46DE8}") = "Shared", "Shared", "{3A26CEC1-FAFC-4E35-9EB0-0BAD157650F9}"
EndProject
Project("{FAE04EC0-301F-11D3-BF4B-00C04F79EFBC}") = "HRP.Module.Payroll.Shared", "src\Modules\Payroll\Shared\HRP.Module.Payroll.Shared.csproj", "{3727732C-31F7-4127-9C29-4A222261A109}"
EndProject
Project("{2150E333-8FDC-42A3-9474-1A3956D46DE8}") = "Integrator", "Integrator", "{50DDC1D4-A1DE-4C5D-A27C-E05A5C6A82F1}"
EndProject
Project("{FAE04EC0-301F-11D3-BF4B-00C04F79EFBC}") = "HRP.Integrator", "src\Modules\Integrator\HRP.Integrator.csproj", "{624333D6-BEFD-489A-94AA-AD015E73827D}"
EndProject
Global
	GlobalSection(SolutionConfigurationPlatforms) = preSolution
		Debug|Any CPU = Debug|Any CPU
		Release|Any CPU = Release|Any CPU
	EndGlobalSection
	GlobalSection(ProjectConfigurationPlatforms) = postSolution
		{B66CAE08-5286-4BAD-AA91-DF7AE6F7EFD6}.Debug|Any CPU.ActiveCfg = Debug|Any CPU
		{B66CAE08-5286-4BAD-AA91-DF7AE6F7EFD6}.Debug|Any CPU.Build.0 = Debug|Any CPU
		{B66CAE08-5286-4BAD-AA91-DF7AE6F7EFD6}.Release|Any CPU.ActiveCfg = Release|Any CPU
		{B66CAE08-5286-4BAD-AA91-DF7AE6F7EFD6}.Release|Any CPU.Build.0 = Release|Any CPU
		{3C9F8FDE-1DBB-4141-A06F-1B0DF34DD1F0}.Debug|Any CPU.ActiveCfg = Debug|Any CPU
		{3C9F8FDE-1DBB-4141-A06F-1B0DF34DD1F0}.Debug|Any CPU.Build.0 = Debug|Any CPU
		{3C9F8FDE-1DBB-4141-A06F-1B0DF34DD1F0}.Release|Any CPU.ActiveCfg = Release|Any CPU
		{3C9F8FDE-1DBB-4141-A06F-1B0DF34DD1F0}.Release|Any CPU.Build.0 = Release|Any CPU
		{30D3D4EC-2F33-41D5-8D2E-B7D81910391A}.Debug|Any CPU.ActiveCfg = Debug|Any CPU
		{30D3D4EC-2F33-41D5-8D2E-B7D81910391A}.Debug|Any CPU.Build.0 = Debug|Any CPU
		{30D3D4EC-2F33-41D5-8D2E-B7D81910391A}.Release|Any CPU.ActiveCfg = Release|Any CPU
		{30D3D4EC-2F33-41D5-8D2E-B7D81910391A}.Release|Any CPU.Build.0 = Release|Any CPU
		{11822A82-3415-48E6-9690-C13A21EE5FFD}.Debug|Any CPU.ActiveCfg = Debug|Any CPU
		{11822A82-3415-48E6-9690-C13A21EE5FFD}.Debug|Any CPU.Build.0 = Debug|Any CPU
		{11822A82-3415-48E6-9690-C13A21EE5FFD}.Release|Any CPU.ActiveCfg = Release|Any CPU
		{11822A82-3415-48E6-9690-C13A21EE5FFD}.Release|Any CPU.Build.0 = Release|Any CPU
		{36E3D381-4F1E-4789-8439-3F4303E64E1A}.Debug|Any CPU.ActiveCfg = Debug|Any CPU
		{36E3D381-4F1E-4789-8439-3F4303E64E1A}.Debug|Any CPU.Build.0 = Debug|Any CPU
		{36E3D381-4F1E-4789-8439-3F4303E64E1A}.Release|Any CPU.ActiveCfg = Release|Any CPU
		{36E3D381-4F1E-4789-8439-3F4303E64E1A}.Release|Any CPU.Build.0 = Release|Any CPU
		{9A494DD1-6146-4A5B-8409-1AAFF79EF1A8}.Debug|Any CPU.ActiveCfg = Debug|Any CPU
		{9A494DD1-6146-4A5B-8409-1AAFF79EF1A8}.Debug|Any CPU.Build.0 = Debug|Any CPU
		{9A494DD1-6146-4A5B-8409-1AAFF79EF1A8}.Release|Any CPU.ActiveCfg = Release|Any CPU
		{9A494DD1-6146-4A5B-8409-1AAFF79EF1A8}.Release|Any CPU.Build.0 = Release|Any CPU
		{C505F271-85B0-41C6-918E-27F40813B32B}.Debug|Any CPU.ActiveCfg = Debug|Any CPU
		{C505F271-85B0-41C6-918E-27F40813B32B}.Debug|Any CPU.Build.0 = Debug|Any CPU
		{C505F271-85B0-41C6-918E-27F40813B32B}.Release|Any CPU.ActiveCfg = Release|Any CPU
		{C505F271-85B0-41C6-918E-27F40813B32B}.Release|Any CPU.Build.0 = Release|Any CPU
		{8571BFEE-D076-4209-B340-055133CA6091}.Debug|Any CPU.ActiveCfg = Debug|Any CPU
		{8571BFEE-D076-4209-B340-055133CA6091}.Debug|Any CPU.Build.0 = Debug|Any CPU
		{8571BFEE-D076-4209-B340-055133CA6091}.Release|Any CPU.ActiveCfg = Release|Any CPU
		{8571BFEE-D076-4209-B340-055133CA6091}.Release|Any CPU.Build.0 = Release|Any CPU
		{3727732C-31F7-4127-9C29-4A222261A109}.Debug|Any CPU.ActiveCfg = Debug|Any CPU
		{3727732C-31F7-4127-9C29-4A222261A109}.Debug|Any CPU.Build.0 = Debug|Any CPU
		{3727732C-31F7-4127-9C29-4A222261A109}.Release|Any CPU.ActiveCfg = Release|Any CPU
		{3727732C-31F7-4127-9C29-4A222261A109}.Release|Any CPU.Build.0 = Release|Any CPU
		{624333D6-BEFD-489A-94AA-AD015E73827D}.Debug|Any CPU.ActiveCfg = Debug|Any CPU
		{624333D6-BEFD-489A-94AA-AD015E73827D}.Debug|Any CPU.Build.0 = Debug|Any CPU
		{624333D6-BEFD-489A-94AA-AD015E73827D}.Release|Any CPU.ActiveCfg = Release|Any CPU
		{624333D6-BEFD-489A-94AA-AD015E73827D}.Release|Any CPU.Build.0 = Release|Any CPU
	EndGlobalSection
	GlobalSection(SolutionProperties) = preSolution
		HideSolutionNode = FALSE
	EndGlobalSection
	GlobalSection(NestedProjects) = preSolution
		{B3BD4C54-4BB2-4394-A396-E89BBA8EC46B} = {6DDCF459-07CC-406C-830E-38E7BE4A47D3}
		{0BFBF9F5-D5DF-4D70-AFF0-5DE59CF34163} = {6DDCF459-07CC-406C-830E-38E7BE4A47D3}
		{73748E69-0EDC-4B62-A0DB-41E81128383C} = {6DDCF459-07CC-406C-830E-38E7BE4A47D3}
		{7E9FEFDE-B4C1-44EF-9A7D-2E1E3C77EF9F} = {B3BD4C54-4BB2-4394-A396-E89BBA8EC46B}
		{B66CAE08-5286-4BAD-AA91-DF7AE6F7EFD6} = {7E9FEFDE-B4C1-44EF-9A7D-2E1E3C77EF9F}
		{61864D8A-2BF0-4EDA-8F32-26565AE65D46} = {73748E69-0EDC-4B62-A0DB-41E81128383C}
		{5758D5D4-5A89-4C78-87AD-F5C3C45BA2E7} = {61864D8A-2BF0-4EDA-8F32-26565AE65D46}
		{3C9F8FDE-1DBB-4141-A06F-1B0DF34DD1F0} = {5758D5D4-5A89-4C78-87AD-F5C3C45BA2E7}
		{622C4E48-E643-4BA0-8364-0D955D895F29} = {61864D8A-2BF0-4EDA-8F32-26565AE65D46}
		{30D3D4EC-2F33-41D5-8D2E-B7D81910391A} = {622C4E48-E643-4BA0-8364-0D955D895F29}
		{11822A82-3415-48E6-9690-C13A21EE5FFD} = {0BFBF9F5-D5DF-4D70-AFF0-5DE59CF34163}
		{F0DBF539-2AD9-4682-9141-51512B5D18DC} = {73748E69-0EDC-4B62-A0DB-41E81128383C}
		{462A17FD-1228-4100-BC5B-890B88FE5DE8} = {F0DBF539-2AD9-4682-9141-51512B5D18DC}
		{36E3D381-4F1E-4789-8439-3F4303E64E1A} = {462A17FD-1228-4100-BC5B-890B88FE5DE8}
		{132A1DAB-F9CE-4DF1-B1CC-1D7CB7202925} = {F0DBF539-2AD9-4682-9141-51512B5D18DC}
		{9A494DD1-6146-4A5B-8409-1AAFF79EF1A8} = {132A1DAB-F9CE-4DF1-B1CC-1D7CB7202925}
		{F1295F60-34E4-4FC9-B64C-D246F9A8D39C} = {F0DBF539-2AD9-4682-9141-51512B5D18DC}
		{C505F271-85B0-41C6-918E-27F40813B32B} = {F1295F60-34E4-4FC9-B64C-D246F9A8D39C}
		{14CD1A23-96B8-45B1-B968-5A7629E6EF9B} = {F0DBF539-2AD9-4682-9141-51512B5D18DC}
		{8571BFEE-D076-4209-B340-055133CA6091} = {14CD1A23-96B8-45B1-B968-5A7629E6EF9B}
		{3A26CEC1-FAFC-4E35-9EB0-0BAD157650F9} = {F0DBF539-2AD9-4682-9141-51512B5D18DC}
		{3727732C-31F7-4127-9C29-4A222261A109} = {3A26CEC1-FAFC-4E35-9EB0-0BAD157650F9}
		{50DDC1D4-A1DE-4C5D-A27C-E05A5C6A82F1} = {73748E69-0EDC-4B62-A0DB-41E81128383C}
		{624333D6-BEFD-489A-94AA-AD015E73827D} = {50DDC1D4-A1DE-4C5D-A27C-E05A5C6A82F1}
	EndGlobalSection
EndGlobal
